
Microsoft Visual Studio Solution File, Format Version 12.00
Project("{FAE04EC0-301F-11D3-BF4B-00C04F79EFBC}") = "ThreadPlaygr", "ThreadPlaygr\ThreadPlaygr.csproj", "{DF5BDDB4-2167-436B-B8B7-253C2CC955E6}"
EndProject
Project("{FAE04EC0-301F-11D3-BF4B-00C04F79EFBC}") = "DelegateAndEventPlaygr", "DelegateAndEventPlaygr\DelegateAndEventPlaygr.csproj", "{ABFA33E3-4CA0-4608-BCD2-0A102EC93BCF}"
EndProject
Project("{2150E333-8FDC-42A3-9474-1A3956D46DE8}") = "Learn", "Learn", "{D60E4C5B-0DAD-466E-81DE-376CA4872F0C}"
EndProject
Project("{2150E333-8FDC-42A3-9474-1A3956D46DE8}") = "SimpleLearnProjects", "SimpleLearnProjects", "{F2966109-7D1C-43F8-9192-8696F2EA99A3}"
EndProject
Project("{FAE04EC0-301F-11D3-BF4B-00C04F79EFBC}") = "StockOnliner", "StockOnliner\StockOnliner.csproj", "{26677589-6033-478D-B620-C3D9B54742C1}"
EndProject
Project("{FAE04EC0-301F-11D3-BF4B-00C04F79EFBC}") = "FilterDelegateExample", "FilterDelegateExample\FilterDelegateExample.csproj", "{284ACB7C-9E02-4A80-ADA4-EA71340E0F7A}"
EndProject
Project("{2150E333-8FDC-42A3-9474-1A3956D46DE8}") = "MediatrExample", "MediatrExample", "{F1A6B579-4A01-4139-88D4-D3ACC1EAC0D4}"
EndProject
Project("{2150E333-8FDC-42A3-9474-1A3956D46DE8}") = "src", "src", "{F5EEADE8-7D50-4639-9F57-98E634BB65B2}"
EndProject
Project("{FAE04EC0-301F-11D3-BF4B-00C04F79EFBC}") = "MediatrExample", "MediatrExample\MediatrExample.csproj", "{F81F3AAB-E824-4FE3-B131-177A5984DF55}"
EndProject
Global
	GlobalSection(SolutionConfigurationPlatforms) = preSolution
		Debug|Any CPU = Debug|Any CPU
		Release|Any CPU = Release|Any CPU
	EndGlobalSection
	GlobalSection(ProjectConfigurationPlatforms) = postSolution
		{DF5BDDB4-2167-436B-B8B7-253C2CC955E6}.Debug|Any CPU.ActiveCfg = Debug|Any CPU
		{DF5BDDB4-2167-436B-B8B7-253C2CC955E6}.Debug|Any CPU.Build.0 = Debug|Any CPU
		{DF5BDDB4-2167-436B-B8B7-253C2CC955E6}.Release|Any CPU.ActiveCfg = Debug|Any CPU
		{DF5BDDB4-2167-436B-B8B7-253C2CC955E6}.Release|Any CPU.Build.0 = Debug|Any CPU
		{ABFA33E3-4CA0-4608-BCD2-0A102EC93BCF}.Debug|Any CPU.ActiveCfg = Debug|Any CPU
		{ABFA33E3-4CA0-4608-BCD2-0A102EC93BCF}.Debug|Any CPU.Build.0 = Debug|Any CPU
		{ABFA33E3-4CA0-4608-BCD2-0A102EC93BCF}.Release|Any CPU.ActiveCfg = Debug|Any CPU
		{ABFA33E3-4CA0-4608-BCD2-0A102EC93BCF}.Release|Any CPU.Build.0 = Debug|Any CPU
		{26677589-6033-478D-B620-C3D9B54742C1}.Debug|Any CPU.ActiveCfg = Debug|Any CPU
		{26677589-6033-478D-B620-C3D9B54742C1}.Debug|Any CPU.Build.0 = Debug|Any CPU
		{26677589-6033-478D-B620-C3D9B54742C1}.Release|Any CPU.ActiveCfg = Debug|Any CPU
		{26677589-6033-478D-B620-C3D9B54742C1}.Release|Any CPU.Build.0 = Debug|Any CPU
		{284ACB7C-9E02-4A80-ADA4-EA71340E0F7A}.Debug|Any CPU.ActiveCfg = Debug|Any CPU
		{284ACB7C-9E02-4A80-ADA4-EA71340E0F7A}.Debug|Any CPU.Build.0 = Debug|Any CPU
		{284ACB7C-9E02-4A80-ADA4-EA71340E0F7A}.Release|Any CPU.ActiveCfg = Debug|Any CPU
		{284ACB7C-9E02-4A80-ADA4-EA71340E0F7A}.Release|Any CPU.Build.0 = Debug|Any CPU
		{F81F3AAB-E824-4FE3-B131-177A5984DF55}.Debug|Any CPU.ActiveCfg = Debug|Any CPU
		{F81F3AAB-E824-4FE3-B131-177A5984DF55}.Debug|Any CPU.Build.0 = Debug|Any CPU
		{F81F3AAB-E824-4FE3-B131-177A5984DF55}.Release|Any CPU.ActiveCfg = Release|Any CPU
		{F81F3AAB-E824-4FE3-B131-177A5984DF55}.Release|Any CPU.Build.0 = Release|Any CPU
	EndGlobalSection
	GlobalSection(NestedProjects) = preSolution
		{ABFA33E3-4CA0-4608-BCD2-0A102EC93BCF} = {D60E4C5B-0DAD-466E-81DE-376CA4872F0C}
		{DF5BDDB4-2167-436B-B8B7-253C2CC955E6} = {D60E4C5B-0DAD-466E-81DE-376CA4872F0C}
		{26677589-6033-478D-B620-C3D9B54742C1} = {F2966109-7D1C-43F8-9192-8696F2EA99A3}
		{284ACB7C-9E02-4A80-ADA4-EA71340E0F7A} = {F2966109-7D1C-43F8-9192-8696F2EA99A3}
		{F1A6B579-4A01-4139-88D4-D3ACC1EAC0D4} = {F2966109-7D1C-43F8-9192-8696F2EA99A3}
		{F5EEADE8-7D50-4639-9F57-98E634BB65B2} = {F1A6B579-4A01-4139-88D4-D3ACC1EAC0D4}
		{F81F3AAB-E824-4FE3-B131-177A5984DF55} = {F5EEADE8-7D50-4639-9F57-98E634BB65B2}
	EndGlobalSection
EndGlobal
