
Microsoft Visual Studio Solution File, Format Version 12.00
Project("{FAE04EC0-301F-11D3-BF4B-00C04F79EFBC}") = "ThreadPlaygr", "ThreadPlaygr\ThreadPlaygr.csproj", "{DF5BDDB4-2167-436B-B8B7-253C2CC955E6}"
EndProject
Project("{FAE04EC0-301F-11D3-BF4B-00C04F79EFBC}") = "DelegateAndEventPlaygr", "DelegateAndEventPlaygr\DelegateAndEventPlaygr.csproj", "{ABFA33E3-4CA0-4608-BCD2-0A102EC93BCF}"
EndProject
Project("{2150E333-8FDC-42A3-9474-1A3956D46DE8}") = "Learn", "Learn", "{D60E4C5B-0DAD-466E-81DE-376CA4872F0C}"
EndProject
Project("{2150E333-8FDC-42A3-9474-1A3956D46DE8}") = "SimpleLearnProjects", "SimpleLearnProjects", "{F2966109-7D1C-43F8-9192-8696F2EA99A3}"
EndProject
Project("{FAE04EC0-301F-11D3-BF4B-00C04F79EFBC}") = "StockOnliner", "StockOnliner\StockOnliner.csproj", "{26677589-6033-478D-B620-C3D9B54742C1}"
EndProject
Project("{FAE04EC0-301F-11D3-BF4B-00C04F79EFBC}") = "FilterDelegateExample", "FilterDelegateExample\FilterDelegateExample.csproj", "{284ACB7C-9E02-4A80-ADA4-EA71340E0F7A}"
EndProject
Project("{FAE04EC0-301F-11D3-BF4B-00C04F79EFBC}") = "MediatrExample", "MediatrExample\MediatrExample.csproj", "{4004F369-7B92-4C1F-A6E8-F42EFFF0E93D}"
EndProject
Project("{FAE04EC0-301F-11D3-BF4B-00C04F79EFBC}") = "WorkerService", "WorkerService\WorkerService.csproj", "{5C76924B-087D-47B4-A305-557EDA428F7E}"
EndProject
Global
	GlobalSection(SolutionConfigurationPlatforms) = preSolution
		Debug|Any CPU = Debug|Any CPU
		Release|Any CPU = Release|Any CPU
	EndGlobalSection
	GlobalSection(ProjectConfigurationPlatforms) = postSolution
		{DF5BDDB4-2167-436B-B8B7-253C2CC955E6}.Debug|Any CPU.ActiveCfg = Debug|Any CPU
		{DF5BDDB4-2167-436B-B8B7-253C2CC955E6}.Debug|Any CPU.Build.0 = Debug|Any CPU
		{DF5BDDB4-2167-436B-B8B7-253C2CC955E6}.Release|Any CPU.ActiveCfg = Debug|Any CPU
		{DF5BDDB4-2167-436B-B8B7-253C2CC955E6}.Release|Any CPU.Build.0 = Debug|Any CPU
		{ABFA33E3-4CA0-4608-BCD2-0A102EC93BCF}.Debug|Any CPU.ActiveCfg = Debug|Any CPU
		{ABFA33E3-4CA0-4608-BCD2-0A102EC93BCF}.Debug|Any CPU.Build.0 = Debug|Any CPU
		{ABFA33E3-4CA0-4608-BCD2-0A102EC93BCF}.Release|Any CPU.ActiveCfg = Debug|Any CPU
		{ABFA33E3-4CA0-4608-BCD2-0A102EC93BCF}.Release|Any CPU.Build.0 = Debug|Any CPU
		{26677589-6033-478D-B620-C3D9B54742C1}.Debug|Any CPU.ActiveCfg = Debug|Any CPU
		{26677589-6033-478D-B620-C3D9B54742C1}.Debug|Any CPU.Build.0 = Debug|Any CPU
		{26677589-6033-478D-B620-C3D9B54742C1}.Release|Any CPU.ActiveCfg = Debug|Any CPU
		{26677589-6033-478D-B620-C3D9B54742C1}.Release|Any CPU.Build.0 = Debug|Any CPU
		{284ACB7C-9E02-4A80-ADA4-EA71340E0F7A}.Debug|Any CPU.ActiveCfg = Debug|Any CPU
		{284ACB7C-9E02-4A80-ADA4-EA71340E0F7A}.Debug|Any CPU.Build.0 = Debug|Any CPU
		{284ACB7C-9E02-4A80-ADA4-EA71340E0F7A}.Release|Any CPU.ActiveCfg = Debug|Any CPU
		{284ACB7C-9E02-4A80-ADA4-EA71340E0F7A}.Release|Any CPU.Build.0 = Debug|Any CPU
		{4004F369-7B92-4C1F-A6E8-F42EFFF0E93D}.Debug|Any CPU.ActiveCfg = Debug|Any CPU
		{4004F369-7B92-4C1F-A6E8-F42EFFF0E93D}.Debug|Any CPU.Build.0 = Debug|Any CPU
		{4004F369-7B92-4C1F-A6E8-F42EFFF0E93D}.Release|Any CPU.ActiveCfg = Release|Any CPU
		{4004F369-7B92-4C1F-A6E8-F42EFFF0E93D}.Release|Any CPU.Build.0 = Release|Any CPU
		{5C76924B-087D-47B4-A305-557EDA428F7E}.Debug|Any CPU.ActiveCfg = Debug|Any CPU
		{5C76924B-087D-47B4-A305-557EDA428F7E}.Debug|Any CPU.Build.0 = Debug|Any CPU
		{5C76924B-087D-47B4-A305-557EDA428F7E}.Release|Any CPU.ActiveCfg = Release|Any CPU
		{5C76924B-087D-47B4-A305-557EDA428F7E}.Release|Any CPU.Build.0 = Release|Any CPU
	EndGlobalSection
	GlobalSection(NestedProjects) = preSolution
		{ABFA33E3-4CA0-4608-BCD2-0A102EC93BCF} = {D60E4C5B-0DAD-466E-81DE-376CA4872F0C}
		{DF5BDDB4-2167-436B-B8B7-253C2CC955E6} = {D60E4C5B-0DAD-466E-81DE-376CA4872F0C}
		{26677589-6033-478D-B620-C3D9B54742C1} = {F2966109-7D1C-43F8-9192-8696F2EA99A3}
		{284ACB7C-9E02-4A80-ADA4-EA71340E0F7A} = {F2966109-7D1C-43F8-9192-8696F2EA99A3}
		{4004F369-7B92-4C1F-A6E8-F42EFFF0E93D} = {F2966109-7D1C-43F8-9192-8696F2EA99A3}
		{5C76924B-087D-47B4-A305-557EDA428F7E} = {F2966109-7D1C-43F8-9192-8696F2EA99A3}
	EndGlobalSection
EndGlobal
